// !$*UTF8*$!
{
	archiveVersion = 1;
	classes = {
	};
	objectVersion = 50;
	objects = {

/* Begin PBXBuildFile section */
		1956C3F2249665BC00D02C4F /* AppDelegate.swift in Sources */ = {isa = PBXBuildFile; fileRef = 1956C3F1249665BC00D02C4F /* AppDelegate.swift */; };
		1956C3F4249665BC00D02C4F /* SceneDelegate.swift in Sources */ = {isa = PBXBuildFile; fileRef = 1956C3F3249665BC00D02C4F /* SceneDelegate.swift */; };
		1956C3F6249665BC00D02C4F /* ContentView.swift in Sources */ = {isa = PBXBuildFile; fileRef = 1956C3F5249665BC00D02C4F /* ContentView.swift */; };
		1956C3F8249665BE00D02C4F /* Assets.xcassets in Resources */ = {isa = PBXBuildFile; fileRef = 1956C3F7249665BE00D02C4F /* Assets.xcassets */; };
		1956C3FB249665BE00D02C4F /* Preview Assets.xcassets in Resources */ = {isa = PBXBuildFile; fileRef = 1956C3FA249665BE00D02C4F /* Preview Assets.xcassets */; };
		1956C3FE249665BE00D02C4F /* LaunchScreen.storyboard in Resources */ = {isa = PBXBuildFile; fileRef = 1956C3FC249665BE00D02C4F /* LaunchScreen.storyboard */; };
		1956C409249665BE00D02C4F /* CompostionalDiffableAppTests.swift in Sources */ = {isa = PBXBuildFile; fileRef = 1956C408249665BE00D02C4F /* CompostionalDiffableAppTests.swift */; };
		1956C414249665BE00D02C4F /* CompostionalDiffableAppUITests.swift in Sources */ = {isa = PBXBuildFile; fileRef = 1956C413249665BE00D02C4F /* CompostionalDiffableAppUITests.swift */; };
		1956C423249665E700D02C4F /* PlatformType.swift in Sources */ = {isa = PBXBuildFile; fileRef = 1956C422249665E700D02C4F /* PlatformType.swift */; };
		1956C4252496676500D02C4F /* GenerType.swift in Sources */ = {isa = PBXBuildFile; fileRef = 1956C4242496676500D02C4F /* GenerType.swift */; };
		1956C427249668A600D02C4F /* SortType.swift in Sources */ = {isa = PBXBuildFile; fileRef = 1956C426249668A600D02C4F /* SortType.swift */; };
		1956C4292496699700D02C4F /* Game.swift in Sources */ = {isa = PBXBuildFile; fileRef = 1956C4282496699700D02C4F /* Game.swift */; };
		1956C42C24966A9700D02C4F /* GameService.swift in Sources */ = {isa = PBXBuildFile; fileRef = 1956C42B24966A9700D02C4F /* GameService.swift */; };
		1956C42E24966C7A00D02C4F /* GameStore.swift in Sources */ = {isa = PBXBuildFile; fileRef = 1956C42D24966C7A00D02C4F /* GameStore.swift */; };
		1956C43024966CFB00D02C4F /* Utils.swift in Sources */ = {isa = PBXBuildFile; fileRef = 1956C42F24966CFB00D02C4F /* Utils.swift */; };
		1956C45A249734F200D02C4F /* MainViewController.swift in Sources */ = {isa = PBXBuildFile; fileRef = 1956C459249734F200D02C4F /* MainViewController.swift */; };
		1956C45C249736B500D02C4F /* Item.swift in Sources */ = {isa = PBXBuildFile; fileRef = 1956C45B249736B500D02C4F /* Item.swift */; };
		1956C45E249736C200D02C4F /* SectionLayoutKind.swift in Sources */ = {isa = PBXBuildFile; fileRef = 1956C45D249736C200D02C4F /* SectionLayoutKind.swift */; };
		1956C46024973CE400D02C4F /* BageItemCollectionViewCell.swift in Sources */ = {isa = PBXBuildFile; fileRef = 1956C45F24973CE400D02C4F /* BageItemCollectionViewCell.swift */; };
		1956C46224973E7700D02C4F /* GameItemCollectionViewCell.swift in Sources */ = {isa = PBXBuildFile; fileRef = 1956C46124973E7700D02C4F /* GameItemCollectionViewCell.swift */; };
		1956C46A2497663700D02C4F /* ImageBuilder.swift in Sources */ = {isa = PBXBuildFile; fileRef = 1956C4692497663600D02C4F /* ImageBuilder.swift */; };
		1956C46C24976F8900D02C4F /* GameStoreController.swift in Sources */ = {isa = PBXBuildFile; fileRef = 1956C46B24976F8900D02C4F /* GameStoreController.swift */; };
/* End PBXBuildFile section */

/* Begin PBXContainerItemProxy section */
		1956C405249665BE00D02C4F /* PBXContainerItemProxy */ = {
			isa = PBXContainerItemProxy;
			containerPortal = 1956C3E6249665BC00D02C4F /* Project object */;
			proxyType = 1;
			remoteGlobalIDString = 1956C3ED249665BC00D02C4F;
			remoteInfo = CompostionalDiffableApp;
		};
		1956C410249665BE00D02C4F /* PBXContainerItemProxy */ = {
			isa = PBXContainerItemProxy;
			containerPortal = 1956C3E6249665BC00D02C4F /* Project object */;
			proxyType = 1;
			remoteGlobalIDString = 1956C3ED249665BC00D02C4F;
			remoteInfo = CompostionalDiffableApp;
		};
/* End PBXContainerItemProxy section */

/* Begin PBXFileReference section */
		1956C3EE249665BC00D02C4F /* CompostionalDiffableApp.app */ = {isa = PBXFileReference; explicitFileType = wrapper.application; includeInIndex = 0; path = CompostionalDiffableApp.app; sourceTree = BUILT_PRODUCTS_DIR; };
		1956C3F1249665BC00D02C4F /* AppDelegate.swift */ = {isa = PBXFileReference; lastKnownFileType = sourcecode.swift; path = AppDelegate.swift; sourceTree = "<group>"; };
		1956C3F3249665BC00D02C4F /* SceneDelegate.swift */ = {isa = PBXFileReference; lastKnownFileType = sourcecode.swift; path = SceneDelegate.swift; sourceTree = "<group>"; };
		1956C3F5249665BC00D02C4F /* ContentView.swift */ = {isa = PBXFileReference; lastKnownFileType = sourcecode.swift; path = ContentView.swift; sourceTree = "<group>"; };
		1956C3F7249665BE00D02C4F /* Assets.xcassets */ = {isa = PBXFileReference; lastKnownFileType = folder.assetcatalog; path = Assets.xcassets; sourceTree = "<group>"; };
		1956C3FA249665BE00D02C4F /* Preview Assets.xcassets */ = {isa = PBXFileReference; lastKnownFileType = folder.assetcatalog; path = "Preview Assets.xcassets"; sourceTree = "<group>"; };
		1956C3FD249665BE00D02C4F /* Base */ = {isa = PBXFileReference; lastKnownFileType = file.storyboard; name = Base; path = Base.lproj/LaunchScreen.storyboard; sourceTree = "<group>"; };
		1956C3FF249665BE00D02C4F /* Info.plist */ = {isa = PBXFileReference; lastKnownFileType = text.plist.xml; path = Info.plist; sourceTree = "<group>"; };
		1956C404249665BE00D02C4F /* CompostionalDiffableAppTests.xctest */ = {isa = PBXFileReference; explicitFileType = wrapper.cfbundle; includeInIndex = 0; path = CompostionalDiffableAppTests.xctest; sourceTree = BUILT_PRODUCTS_DIR; };
		1956C408249665BE00D02C4F /* CompostionalDiffableAppTests.swift */ = {isa = PBXFileReference; lastKnownFileType = sourcecode.swift; path = CompostionalDiffableAppTests.swift; sourceTree = "<group>"; };
		1956C40A249665BE00D02C4F /* Info.plist */ = {isa = PBXFileReference; lastKnownFileType = text.plist.xml; path = Info.plist; sourceTree = "<group>"; };
		1956C40F249665BE00D02C4F /* CompostionalDiffableAppUITests.xctest */ = {isa = PBXFileReference; explicitFileType = wrapper.cfbundle; includeInIndex = 0; path = CompostionalDiffableAppUITests.xctest; sourceTree = BUILT_PRODUCTS_DIR; };
		1956C413249665BE00D02C4F /* CompostionalDiffableAppUITests.swift */ = {isa = PBXFileReference; lastKnownFileType = sourcecode.swift; path = CompostionalDiffableAppUITests.swift; sourceTree = "<group>"; };
		1956C415249665BE00D02C4F /* Info.plist */ = {isa = PBXFileReference; lastKnownFileType = text.plist.xml; path = Info.plist; sourceTree = "<group>"; };
		1956C422249665E700D02C4F /* PlatformType.swift */ = {isa = PBXFileReference; lastKnownFileType = sourcecode.swift; path = PlatformType.swift; sourceTree = "<group>"; };
		1956C4242496676500D02C4F /* GenerType.swift */ = {isa = PBXFileReference; lastKnownFileType = sourcecode.swift; path = GenerType.swift; sourceTree = "<group>"; };
		1956C426249668A600D02C4F /* SortType.swift */ = {isa = PBXFileReference; lastKnownFileType = sourcecode.swift; path = SortType.swift; sourceTree = "<group>"; };
		1956C4282496699700D02C4F /* Game.swift */ = {isa = PBXFileReference; lastKnownFileType = sourcecode.swift; path = Game.swift; sourceTree = "<group>"; };
		1956C42B24966A9700D02C4F /* GameService.swift */ = {isa = PBXFileReference; lastKnownFileType = sourcecode.swift; path = GameService.swift; sourceTree = "<group>"; };
		1956C42D24966C7A00D02C4F /* GameStore.swift */ = {isa = PBXFileReference; lastKnownFileType = sourcecode.swift; path = GameStore.swift; sourceTree = "<group>"; };
		1956C42F24966CFB00D02C4F /* Utils.swift */ = {isa = PBXFileReference; lastKnownFileType = sourcecode.swift; path = Utils.swift; sourceTree = "<group>"; };
		1956C459249734F200D02C4F /* MainViewController.swift */ = {isa = PBXFileReference; lastKnownFileType = sourcecode.swift; path = MainViewController.swift; sourceTree = "<group>"; };
		1956C45B249736B500D02C4F /* Item.swift */ = {isa = PBXFileReference; lastKnownFileType = sourcecode.swift; path = Item.swift; sourceTree = "<group>"; };
		1956C45D249736C200D02C4F /* SectionLayoutKind.swift */ = {isa = PBXFileReference; lastKnownFileType = sourcecode.swift; path = SectionLayoutKind.swift; sourceTree = "<group>"; };
		1956C45F24973CE400D02C4F /* BageItemCollectionViewCell.swift */ = {isa = PBXFileReference; lastKnownFileType = sourcecode.swift; path = BageItemCollectionViewCell.swift; sourceTree = "<group>"; };
		1956C46124973E7700D02C4F /* GameItemCollectionViewCell.swift */ = {isa = PBXFileReference; lastKnownFileType = sourcecode.swift; path = GameItemCollectionViewCell.swift; sourceTree = "<group>"; };
		1956C4692497663600D02C4F /* ImageBuilder.swift */ = {isa = PBXFileReference; lastKnownFileType = sourcecode.swift; path = ImageBuilder.swift; sourceTree = "<group>"; };
		1956C46B24976F8900D02C4F /* GameStoreController.swift */ = {isa = PBXFileReference; lastKnownFileType = sourcecode.swift; path = GameStoreController.swift; sourceTree = "<group>"; };
/* End PBXFileReference section */

/* Begin PBXFrameworksBuildPhase section */
		1956C3EB249665BC00D02C4F /* Frameworks */ = {
			isa = PBXFrameworksBuildPhase;
			buildActionMask = 2147483647;
			files = (
			);
			runOnlyForDeploymentPostprocessing = 0;
		};
		1956C401249665BE00D02C4F /* Frameworks */ = {
			isa = PBXFrameworksBuildPhase;
			buildActionMask = 2147483647;
			files = (
			);
			runOnlyForDeploymentPostprocessing = 0;
		};
		1956C40C249665BE00D02C4F /* Frameworks */ = {
			isa = PBXFrameworksBuildPhase;
			buildActionMask = 2147483647;
			files = (
			);
			runOnlyForDeploymentPostprocessing = 0;
		};
/* End PBXFrameworksBuildPhase section */

/* Begin PBXGroup section */
		1956C3E5249665BC00D02C4F = {
			isa = PBXGroup;
			children = (
				1956C3F0249665BC00D02C4F /* CompostionalDiffableApp */,
				1956C407249665BE00D02C4F /* CompostionalDiffableAppTests */,
				1956C412249665BE00D02C4F /* CompostionalDiffableAppUITests */,
				1956C3EF249665BC00D02C4F /* Products */,
			);
			sourceTree = "<group>";
		};
		1956C3EF249665BC00D02C4F /* Products */ = {
			isa = PBXGroup;
			children = (
				1956C3EE249665BC00D02C4F /* CompostionalDiffableApp.app */,
				1956C404249665BE00D02C4F /* CompostionalDiffableAppTests.xctest */,
				1956C40F249665BE00D02C4F /* CompostionalDiffableAppUITests.xctest */,
			);
			name = Products;
			sourceTree = "<group>";
		};
		1956C3F0249665BC00D02C4F /* CompostionalDiffableApp */ = {
			isa = PBXGroup;
			children = (
				1956C4312496733C00D02C4F /* Views */,
				1956C42A24966A8100D02C4F /* Services */,
				1956C421249665D900D02C4F /* Models */,
				1956C3F1249665BC00D02C4F /* AppDelegate.swift */,
				1956C3F3249665BC00D02C4F /* SceneDelegate.swift */,
				1956C3F7249665BE00D02C4F /* Assets.xcassets */,
				1956C3FC249665BE00D02C4F /* LaunchScreen.storyboard */,
				1956C3FF249665BE00D02C4F /* Info.plist */,
				1956C3F9249665BE00D02C4F /* Preview Content */,
			);
			path = CompostionalDiffableApp;
			sourceTree = "<group>";
		};
		1956C3F9249665BE00D02C4F /* Preview Content */ = {
			isa = PBXGroup;
			children = (
				1956C3FA249665BE00D02C4F /* Preview Assets.xcassets */,
			);
			path = "Preview Content";
			sourceTree = "<group>";
		};
		1956C407249665BE00D02C4F /* CompostionalDiffableAppTests */ = {
			isa = PBXGroup;
			children = (
				1956C408249665BE00D02C4F /* CompostionalDiffableAppTests.swift */,
				1956C40A249665BE00D02C4F /* Info.plist */,
			);
			path = CompostionalDiffableAppTests;
			sourceTree = "<group>";
		};
		1956C412249665BE00D02C4F /* CompostionalDiffableAppUITests */ = {
			isa = PBXGroup;
			children = (
				1956C413249665BE00D02C4F /* CompostionalDiffableAppUITests.swift */,
				1956C415249665BE00D02C4F /* Info.plist */,
			);
			path = CompostionalDiffableAppUITests;
			sourceTree = "<group>";
		};
		1956C421249665D900D02C4F /* Models */ = {
			isa = PBXGroup;
			children = (
				1956C422249665E700D02C4F /* PlatformType.swift */,
				1956C4242496676500D02C4F /* GenerType.swift */,
				1956C426249668A600D02C4F /* SortType.swift */,
				1956C4282496699700D02C4F /* Game.swift */,
				1956C45B249736B500D02C4F /* Item.swift */,
				1956C45D249736C200D02C4F /* SectionLayoutKind.swift */,
			);
			path = Models;
			sourceTree = "<group>";
		};
		1956C42A24966A8100D02C4F /* Services */ = {
			isa = PBXGroup;
			children = (
				1956C42B24966A9700D02C4F /* GameService.swift */,
				1956C42D24966C7A00D02C4F /* GameStore.swift */,
				1956C42F24966CFB00D02C4F /* Utils.swift */,
				1956C4692497663600D02C4F /* ImageBuilder.swift */,
			);
			path = Services;
			sourceTree = "<group>";
		};
		1956C4312496733C00D02C4F /* Views */ = {
			isa = PBXGroup;
			children = (
				1956C458249734D400D02C4F /* UIkit */,
				1956C3F5249665BC00D02C4F /* ContentView.swift */,
				1956C459249734F200D02C4F /* MainViewController.swift */,
				1956C46B24976F8900D02C4F /* GameStoreController.swift */,
			);
			path = Views;
			sourceTree = "<group>";
		};
		1956C458249734D400D02C4F /* UIkit */ = {
			isa = PBXGroup;
			children = (
				1956C45F24973CE400D02C4F /* BageItemCollectionViewCell.swift */,
				1956C46124973E7700D02C4F /* GameItemCollectionViewCell.swift */,
			);
			path = UIkit;
			sourceTree = "<group>";
		};
/* End PBXGroup section */

/* Begin PBXNativeTarget section */
		1956C3ED249665BC00D02C4F /* CompostionalDiffableApp */ = {
			isa = PBXNativeTarget;
			buildConfigurationList = 1956C418249665BE00D02C4F /* Build configuration list for PBXNativeTarget "CompostionalDiffableApp" */;
			buildPhases = (
				1956C3EA249665BC00D02C4F /* Sources */,
				1956C3EB249665BC00D02C4F /* Frameworks */,
				1956C3EC249665BC00D02C4F /* Resources */,
			);
			buildRules = (
			);
			dependencies = (
			);
			name = CompostionalDiffableApp;
			productName = CompostionalDiffableApp;
			productReference = 1956C3EE249665BC00D02C4F /* CompostionalDiffableApp.app */;
			productType = "com.apple.product-type.application";
		};
		1956C403249665BE00D02C4F /* CompostionalDiffableAppTests */ = {
			isa = PBXNativeTarget;
			buildConfigurationList = 1956C41B249665BE00D02C4F /* Build configuration list for PBXNativeTarget "CompostionalDiffableAppTests" */;
			buildPhases = (
				1956C400249665BE00D02C4F /* Sources */,
				1956C401249665BE00D02C4F /* Frameworks */,
				1956C402249665BE00D02C4F /* Resources */,
			);
			buildRules = (
			);
			dependencies = (
				1956C406249665BE00D02C4F /* PBXTargetDependency */,
			);
			name = CompostionalDiffableAppTests;
			productName = CompostionalDiffableAppTests;
			productReference = 1956C404249665BE00D02C4F /* CompostionalDiffableAppTests.xctest */;
			productType = "com.apple.product-type.bundle.unit-test";
		};
		1956C40E249665BE00D02C4F /* CompostionalDiffableAppUITests */ = {
			isa = PBXNativeTarget;
			buildConfigurationList = 1956C41E249665BE00D02C4F /* Build configuration list for PBXNativeTarget "CompostionalDiffableAppUITests" */;
			buildPhases = (
				1956C40B249665BE00D02C4F /* Sources */,
				1956C40C249665BE00D02C4F /* Frameworks */,
				1956C40D249665BE00D02C4F /* Resources */,
			);
			buildRules = (
			);
			dependencies = (
				1956C411249665BE00D02C4F /* PBXTargetDependency */,
			);
			name = CompostionalDiffableAppUITests;
			productName = CompostionalDiffableAppUITests;
			productReference = 1956C40F249665BE00D02C4F /* CompostionalDiffableAppUITests.xctest */;
			productType = "com.apple.product-type.bundle.ui-testing";
		};
/* End PBXNativeTarget section */

/* Begin PBXProject section */
		1956C3E6249665BC00D02C4F /* Project object */ = {
			isa = PBXProject;
			attributes = {
				LastSwiftUpdateCheck = 1140;
				LastUpgradeCheck = 1140;
				ORGANIZATIONNAME = yongzhan;
				TargetAttributes = {
					1956C3ED249665BC00D02C4F = {
						CreatedOnToolsVersion = 11.4.1;
					};
					1956C403249665BE00D02C4F = {
						CreatedOnToolsVersion = 11.4.1;
						TestTargetID = 1956C3ED249665BC00D02C4F;
					};
					1956C40E249665BE00D02C4F = {
						CreatedOnToolsVersion = 11.4.1;
						TestTargetID = 1956C3ED249665BC00D02C4F;
					};
				};
			};
			buildConfigurationList = 1956C3E9249665BC00D02C4F /* Build configuration list for PBXProject "CompostionalDiffableApp" */;
			compatibilityVersion = "Xcode 9.3";
			developmentRegion = en;
			hasScannedForEncodings = 0;
			knownRegions = (
				en,
				Base,
			);
			mainGroup = 1956C3E5249665BC00D02C4F;
			productRefGroup = 1956C3EF249665BC00D02C4F /* Products */;
			projectDirPath = "";
			projectRoot = "";
			targets = (
				1956C3ED249665BC00D02C4F /* CompostionalDiffableApp */,
				1956C403249665BE00D02C4F /* CompostionalDiffableAppTests */,
				1956C40E249665BE00D02C4F /* CompostionalDiffableAppUITests */,
			);
		};
/* End PBXProject section */

/* Begin PBXResourcesBuildPhase section */
		1956C3EC249665BC00D02C4F /* Resources */ = {
			isa = PBXResourcesBuildPhase;
			buildActionMask = 2147483647;
			files = (
				1956C3FE249665BE00D02C4F /* LaunchScreen.storyboard in Resources */,
				1956C3FB249665BE00D02C4F /* Preview Assets.xcassets in Resources */,
				1956C3F8249665BE00D02C4F /* Assets.xcassets in Resources */,
			);
			runOnlyForDeploymentPostprocessing = 0;
		};
		1956C402249665BE00D02C4F /* Resources */ = {
			isa = PBXResourcesBuildPhase;
			buildActionMask = 2147483647;
			files = (
			);
			runOnlyForDeploymentPostprocessing = 0;
		};
		1956C40D249665BE00D02C4F /* Resources */ = {
			isa = PBXResourcesBuildPhase;
			buildActionMask = 2147483647;
			files = (
			);
			runOnlyForDeploymentPostprocessing = 0;
		};
/* End PBXResourcesBuildPhase section */

/* Begin PBXSourcesBuildPhase section */
		1956C3EA249665BC00D02C4F /* Sources */ = {
			isa = PBXSourcesBuildPhase;
			buildActionMask = 2147483647;
			files = (
				1956C423249665E700D02C4F /* PlatformType.swift in Sources */,
				1956C42E24966C7A00D02C4F /* GameStore.swift in Sources */,
				1956C46224973E7700D02C4F /* GameItemCollectionViewCell.swift in Sources */,
				1956C427249668A600D02C4F /* SortType.swift in Sources */,
				1956C45A249734F200D02C4F /* MainViewController.swift in Sources */,
				1956C45C249736B500D02C4F /* Item.swift in Sources */,
				1956C4292496699700D02C4F /* Game.swift in Sources */,
				1956C46C24976F8900D02C4F /* GameStoreController.swift in Sources */,
				1956C46A2497663700D02C4F /* ImageBuilder.swift in Sources */,
				1956C3F2249665BC00D02C4F /* AppDelegate.swift in Sources */,
				1956C43024966CFB00D02C4F /* Utils.swift in Sources */,
				1956C46024973CE400D02C4F /* BageItemCollectionViewCell.swift in Sources */,
				1956C3F4249665BC00D02C4F /* SceneDelegate.swift in Sources */,
				1956C4252496676500D02C4F /* GenerType.swift in Sources */,
				1956C45E249736C200D02C4F /* SectionLayoutKind.swift in Sources */,
				1956C3F6249665BC00D02C4F /* ContentView.swift in Sources */,
				1956C42C24966A9700D02C4F /* GameService.swift in Sources */,
			);
			runOnlyForDeploymentPostprocessing = 0;
		};
		1956C400249665BE00D02C4F /* Sources */ = {
			isa = PBXSourcesBuildPhase;
			buildActionMask = 2147483647;
			files = (
				1956C409249665BE00D02C4F /* CompostionalDiffableAppTests.swift in Sources */,
			);
			runOnlyForDeploymentPostprocessing = 0;
		};
		1956C40B249665BE00D02C4F /* Sources */ = {
			isa = PBXSourcesBuildPhase;
			buildActionMask = 2147483647;
			files = (
				1956C414249665BE00D02C4F /* CompostionalDiffableAppUITests.swift in Sources */,
			);
			runOnlyForDeploymentPostprocessing = 0;
		};
/* End PBXSourcesBuildPhase section */

/* Begin PBXTargetDependency section */
		1956C406249665BE00D02C4F /* PBXTargetDependency */ = {
			isa = PBXTargetDependency;
			target = 1956C3ED249665BC00D02C4F /* CompostionalDiffableApp */;
			targetProxy = 1956C405249665BE00D02C4F /* PBXContainerItemProxy */;
		};
		1956C411249665BE00D02C4F /* PBXTargetDependency */ = {
			isa = PBXTargetDependency;
			target = 1956C3ED249665BC00D02C4F /* CompostionalDiffableApp */;
			targetProxy = 1956C410249665BE00D02C4F /* PBXContainerItemProxy */;
		};
/* End PBXTargetDependency section */

/* Begin PBXVariantGroup section */
		1956C3FC249665BE00D02C4F /* LaunchScreen.storyboard */ = {
			isa = PBXVariantGroup;
			children = (
				1956C3FD249665BE00D02C4F /* Base */,
			);
			name = LaunchScreen.storyboard;
			sourceTree = "<group>";
		};
/* End PBXVariantGroup section */

/* Begin XCBuildConfiguration section */
		1956C416249665BE00D02C4F /* Debug */ = {
			isa = XCBuildConfiguration;
			buildSettings = {
				ALWAYS_SEARCH_USER_PATHS = NO;
				CLANG_ANALYZER_NONNULL = YES;
				CLANG_ANALYZER_NUMBER_OBJECT_CONVERSION = YES_AGGRESSIVE;
				CLANG_CXX_LANGUAGE_STANDARD = "gnu++14";
				CLANG_CXX_LIBRARY = "libc++";
				CLANG_ENABLE_MODULES = YES;
				CLANG_ENABLE_OBJC_ARC = YES;
				CLANG_ENABLE_OBJC_WEAK = YES;
				CLANG_WARN_BLOCK_CAPTURE_AUTORELEASING = YES;
				CLANG_WARN_BOOL_CONVERSION = YES;
				CLANG_WARN_COMMA = YES;
				CLANG_WARN_CONSTANT_CONVERSION = YES;
				CLANG_WARN_DEPRECATED_OBJC_IMPLEMENTATIONS = YES;
				CLANG_WARN_DIRECT_OBJC_ISA_USAGE = YES_ERROR;
				CLANG_WARN_DOCUMENTATION_COMMENTS = YES;
				CLANG_WARN_EMPTY_BODY = YES;
				CLANG_WARN_ENUM_CONVERSION = YES;
				CLANG_WARN_INFINITE_RECURSION = YES;
				CLANG_WARN_INT_CONVERSION = YES;
				CLANG_WARN_NON_LITERAL_NULL_CONVERSION = YES;
				CLANG_WARN_OBJC_IMPLICIT_RETAIN_SELF = YES;
				CLANG_WARN_OBJC_LITERAL_CONVERSION = YES;
				CLANG_WARN_OBJC_ROOT_CLASS = YES_ERROR;
				CLANG_WARN_RANGE_LOOP_ANALYSIS = YES;
				CLANG_WARN_STRICT_PROTOTYPES = YES;
				CLANG_WARN_SUSPICIOUS_MOVE = YES;
				CLANG_WARN_UNGUARDED_AVAILABILITY = YES_AGGRESSIVE;
				CLANG_WARN_UNREACHABLE_CODE = YES;
				CLANG_WARN__DUPLICATE_METHOD_MATCH = YES;
				COPY_PHASE_STRIP = NO;
				DEBUG_INFORMATION_FORMAT = dwarf;
				ENABLE_STRICT_OBJC_MSGSEND = YES;
				ENABLE_TESTABILITY = YES;
				GCC_C_LANGUAGE_STANDARD = gnu11;
				GCC_DYNAMIC_NO_PIC = NO;
				GCC_NO_COMMON_BLOCKS = YES;
				GCC_OPTIMIZATION_LEVEL = 0;
				GCC_PREPROCESSOR_DEFINITIONS = (
					"DEBUG=1",
					"$(inherited)",
				);
				GCC_WARN_64_TO_32_BIT_CONVERSION = YES;
				GCC_WARN_ABOUT_RETURN_TYPE = YES_ERROR;
				GCC_WARN_UNDECLARED_SELECTOR = YES;
				GCC_WARN_UNINITIALIZED_AUTOS = YES_AGGRESSIVE;
				GCC_WARN_UNUSED_FUNCTION = YES;
				GCC_WARN_UNUSED_VARIABLE = YES;
				IPHONEOS_DEPLOYMENT_TARGET = 13.4;
				MTL_ENABLE_DEBUG_INFO = INCLUDE_SOURCE;
				MTL_FAST_MATH = YES;
				ONLY_ACTIVE_ARCH = YES;
				SDKROOT = iphoneos;
				SWIFT_ACTIVE_COMPILATION_CONDITIONS = DEBUG;
				SWIFT_OPTIMIZATION_LEVEL = "-Onone";
			};
			name = Debug;
		};
		1956C417249665BE00D02C4F /* Release */ = {
			isa = XCBuildConfiguration;
			buildSettings = {
				ALWAYS_SEARCH_USER_PATHS = NO;
				CLANG_ANALYZER_NONNULL = YES;
				CLANG_ANALYZER_NUMBER_OBJECT_CONVERSION = YES_AGGRESSIVE;
				CLANG_CXX_LANGUAGE_STANDARD = "gnu++14";
				CLANG_CXX_LIBRARY = "libc++";
				CLANG_ENABLE_MODULES = YES;
				CLANG_ENABLE_OBJC_ARC = YES;
				CLANG_ENABLE_OBJC_WEAK = YES;
				CLANG_WARN_BLOCK_CAPTURE_AUTORELEASING = YES;
				CLANG_WARN_BOOL_CONVERSION = YES;
				CLANG_WARN_COMMA = YES;
				CLANG_WARN_CONSTANT_CONVERSION = YES;
				CLANG_WARN_DEPRECATED_OBJC_IMPLEMENTATIONS = YES;
				CLANG_WARN_DIRECT_OBJC_ISA_USAGE = YES_ERROR;
				CLANG_WARN_DOCUMENTATION_COMMENTS = YES;
				CLANG_WARN_EMPTY_BODY = YES;
				CLANG_WARN_ENUM_CONVERSION = YES;
				CLANG_WARN_INFINITE_RECURSION = YES;
				CLANG_WARN_INT_CONVERSION = YES;
				CLANG_WARN_NON_LITERAL_NULL_CONVERSION = YES;
				CLANG_WARN_OBJC_IMPLICIT_RETAIN_SELF = YES;
				CLANG_WARN_OBJC_LITERAL_CONVERSION = YES;
				CLANG_WARN_OBJC_ROOT_CLASS = YES_ERROR;
				CLANG_WARN_RANGE_LOOP_ANALYSIS = YES;
				CLANG_WARN_STRICT_PROTOTYPES = YES;
				CLANG_WARN_SUSPICIOUS_MOVE = YES;
				CLANG_WARN_UNGUARDED_AVAILABILITY = YES_AGGRESSIVE;
				CLANG_WARN_UNREACHABLE_CODE = YES;
				CLANG_WARN__DUPLICATE_METHOD_MATCH = YES;
				COPY_PHASE_STRIP = NO;
				DEBUG_INFORMATION_FORMAT = "dwarf-with-dsym";
				ENABLE_NS_ASSERTIONS = NO;
				ENABLE_STRICT_OBJC_MSGSEND = YES;
				GCC_C_LANGUAGE_STANDARD = gnu11;
				GCC_NO_COMMON_BLOCKS = YES;
				GCC_WARN_64_TO_32_BIT_CONVERSION = YES;
				GCC_WARN_ABOUT_RETURN_TYPE = YES_ERROR;
				GCC_WARN_UNDECLARED_SELECTOR = YES;
				GCC_WARN_UNINITIALIZED_AUTOS = YES_AGGRESSIVE;
				GCC_WARN_UNUSED_FUNCTION = YES;
				GCC_WARN_UNUSED_VARIABLE = YES;
				IPHONEOS_DEPLOYMENT_TARGET = 13.4;
				MTL_ENABLE_DEBUG_INFO = NO;
				MTL_FAST_MATH = YES;
				SDKROOT = iphoneos;
				SWIFT_COMPILATION_MODE = wholemodule;
				SWIFT_OPTIMIZATION_LEVEL = "-O";
				VALIDATE_PRODUCT = YES;
			};
			name = Release;
		};
		1956C419249665BE00D02C4F /* Debug */ = {
			isa = XCBuildConfiguration;
			buildSettings = {
				ASSETCATALOG_COMPILER_APPICON_NAME = AppIcon;
				CODE_SIGN_STYLE = Automatic;
				DEVELOPMENT_ASSET_PATHS = "\"CompostionalDiffableApp/Preview Content\"";
				ENABLE_PREVIEWS = YES;
				INFOPLIST_FILE = CompostionalDiffableApp/Info.plist;
				LD_RUNPATH_SEARCH_PATHS = (
					"$(inherited)",
					"@executable_path/Frameworks",
				);
				PRODUCT_BUNDLE_IDENTIFIER = com.yongzhan.CompostionalDiffableApp;
				PRODUCT_NAME = "$(TARGET_NAME)";
				SWIFT_VERSION = 5.0;
				TARGETED_DEVICE_FAMILY = "1,2";
			};
			name = Debug;
		};
		1956C41A249665BE00D02C4F /* Release */ = {
			isa = XCBuildConfiguration;
			buildSettings = {
				ASSETCATALOG_COMPILER_APPICON_NAME = AppIcon;
				CODE_SIGN_STYLE = Automatic;
				DEVELOPMENT_ASSET_PATHS = "\"CompostionalDiffableApp/Preview Content\"";
				ENABLE_PREVIEWS = YES;
				INFOPLIST_FILE = CompostionalDiffableApp/Info.plist;
				LD_RUNPATH_SEARCH_PATHS = (
					"$(inherited)",
					"@executable_path/Frameworks",
				);
				PRODUCT_BUNDLE_IDENTIFIER = com.yongzhan.CompostionalDiffableApp;
				PRODUCT_NAME = "$(TARGET_NAME)";
				SWIFT_VERSION = 5.0;
				TARGETED_DEVICE_FAMILY = "1,2";
			};
			name = Release;
		};
		1956C41C249665BE00D02C4F /* Debug */ = {
			isa = XCBuildConfiguration;
			buildSettings = {
				ALWAYS_EMBED_SWIFT_STANDARD_LIBRARIES = YES;
				BUNDLE_LOADER = "$(TEST_HOST)";
				CODE_SIGN_STYLE = Automatic;
				INFOPLIST_FILE = CompostionalDiffableAppTests/Info.plist;
				IPHONEOS_DEPLOYMENT_TARGET = 13.4;
				LD_RUNPATH_SEARCH_PATHS = (
					"$(inherited)",
					"@executable_path/Frameworks",
					"@loader_path/Frameworks",
				);
				PRODUCT_BUNDLE_IDENTIFIER = com.yongzhan.CompostionalDiffableAppTests;
				PRODUCT_NAME = "$(TARGET_NAME)";
				SWIFT_VERSION = 5.0;
				TARGETED_DEVICE_FAMILY = "1,2";
				TEST_HOST = "$(BUILT_PRODUCTS_DIR)/CompostionalDiffableApp.app/CompostionalDiffableApp";
			};
			name = Debug;
		};
		1956C41D249665BE00D02C4F /* Release */ = {
			isa = XCBuildConfiguration;
			buildSettings = {
				ALWAYS_EMBED_SWIFT_STANDARD_LIBRARIES = YES;
				BUNDLE_LOADER = "$(TEST_HOST)";
				CODE_SIGN_STYLE = Automatic;
				INFOPLIST_FILE = CompostionalDiffableAppTests/Info.plist;
				IPHONEOS_DEPLOYMENT_TARGET = 13.4;
				LD_RUNPATH_SEARCH_PATHS = (
					"$(inherited)",
					"@executable_path/Frameworks",
					"@loader_path/Frameworks",
				);
				PRODUCT_BUNDLE_IDENTIFIER = com.yongzhan.CompostionalDiffableAppTests;
				PRODUCT_NAME = "$(TARGET_NAME)";
				SWIFT_VERSION = 5.0;
				TARGETED_DEVICE_FAMILY = "1,2";
				TEST_HOST = "$(BUILT_PRODUCTS_DIR)/CompostionalDiffableApp.app/CompostionalDiffableApp";
			};
			name = Release;
		};
		1956C41F249665BE00D02C4F /* Debug */ = {
			isa = XCBuildConfiguration;
			buildSettings = {
				ALWAYS_EMBED_SWIFT_STANDARD_LIBRARIES = YES;
				CODE_SIGN_STYLE = Automatic;
				INFOPLIST_FILE = CompostionalDiffableAppUITests/Info.plist;
				LD_RUNPATH_SEARCH_PATHS = (
					"$(inherited)",
					"@executable_path/Frameworks",
					"@loader_path/Frameworks",
				);
				PRODUCT_BUNDLE_IDENTIFIER = com.yongzhan.CompostionalDiffableAppUITests;
				PRODUCT_NAME = "$(TARGET_NAME)";
				SWIFT_VERSION = 5.0;
				TARGETED_DEVICE_FAMILY = "1,2";
				TEST_TARGET_NAME = CompostionalDiffableApp;
			};
			name = Debug;
		};
		1956C420249665BE00D02C4F /* Release */ = {
			isa = XCBuildConfiguration;
			buildSettings = {
				ALWAYS_EMBED_SWIFT_STANDARD_LIBRARIES = YES;
				CODE_SIGN_STYLE = Automatic;
				INFOPLIST_FILE = CompostionalDiffableAppUITests/Info.plist;
				LD_RUNPATH_SEARCH_PATHS = (
					"$(inherited)",
					"@executable_path/Frameworks",
					"@loader_path/Frameworks",
				);
				PRODUCT_BUNDLE_IDENTIFIER = com.yongzhan.CompostionalDiffableAppUITests;
				PRODUCT_NAME = "$(TARGET_NAME)";
				SWIFT_VERSION = 5.0;
				TARGETED_DEVICE_FAMILY = "1,2";
				TEST_TARGET_NAME = CompostionalDiffableApp;
			};
			name = Release;
		};
/* End XCBuildConfiguration section */

/* Begin XCConfigurationList section */
		1956C3E9249665BC00D02C4F /* Build configuration list for PBXProject "CompostionalDiffableApp" */ = {
			isa = XCConfigurationList;
			buildConfigurations = (
				1956C416249665BE00D02C4F /* Debug */,
				1956C417249665BE00D02C4F /* Release */,
			);
			defaultConfigurationIsVisible = 0;
			defaultConfigurationName = Release;
		};
		1956C418249665BE00D02C4F /* Build configuration list for PBXNativeTarget "CompostionalDiffableApp" */ = {
			isa = XCConfigurationList;
			buildConfigurations = (
				1956C419249665BE00D02C4F /* Debug */,
				1956C41A249665BE00D02C4F /* Release */,
			);
			defaultConfigurationIsVisible = 0;
			defaultConfigurationName = Release;
		};
		1956C41B249665BE00D02C4F /* Build configuration list for PBXNativeTarget "CompostionalDiffableAppTests" */ = {
			isa = XCConfigurationList;
			buildConfigurations = (
				1956C41C249665BE00D02C4F /* Debug */,
				1956C41D249665BE00D02C4F /* Release */,
			);
			defaultConfigurationIsVisible = 0;
			defaultConfigurationName = Release;
		};
		1956C41E249665BE00D02C4F /* Build configuration list for PBXNativeTarget "CompostionalDiffableAppUITests" */ = {
			isa = XCConfigurationList;
			buildConfigurations = (
				1956C41F249665BE00D02C4F /* Debug */,
				1956C420249665BE00D02C4F /* Release */,
			);
			defaultConfigurationIsVisible = 0;
			defaultConfigurationName = Release;
		};
/* End XCConfigurationList section */
	};
	rootObject = 1956C3E6249665BC00D02C4F /* Project object */;
}
